
Microsoft Visual Studio Solution File, Format Version 12.00
# Visual Studio Version 17
VisualStudioVersion = 17.4.33213.308
MinimumVisualStudioVersion = 10.0.40219.1
Project("{FAE04EC0-301F-11D3-BF4B-00C04F79EFBC}") = "MiniprojectSQL", "MiniprojectSQL.csproj", "{254736C4-0CBB-4250-A98B-77D89504F8C0}"
EndProject
Global
	GlobalSection(SolutionConfigurationPlatforms) = preSolution
		Debug|Any CPU = Debug|Any CPU
		Release|Any CPU = Release|Any CPU
	EndGlobalSection
	GlobalSection(ProjectConfigurationPlatforms) = postSolution
		{254736C4-0CBB-4250-A98B-77D89504F8C0}.Debug|Any CPU.ActiveCfg = Debug|Any CPU
		{254736C4-0CBB-4250-A98B-77D89504F8C0}.Debug|Any CPU.Build.0 = Debug|Any CPU
		{254736C4-0CBB-4250-A98B-77D89504F8C0}.Release|Any CPU.ActiveCfg = Release|Any CPU
		{254736C4-0CBB-4250-A98B-77D89504F8C0}.Release|Any CPU.Build.0 = Release|Any CPU
	EndGlobalSection
	GlobalSection(SolutionProperties) = preSolution
		HideSolutionNode = FALSE
	EndGlobalSection
	GlobalSection(ExtensibilityGlobals) = postSolution
		SolutionGuid = {6BB9248E-0C04-499B-8731-F9B0DC52B0EF}
	EndGlobalSection
EndGlobal
